
Microsoft Visual Studio Solution File, Format Version 12.00
# Visual Studio Version 17
VisualStudioVersion = 17.11.35303.130
MinimumVisualStudioVersion = 10.0.40219.1
Project("{FAE04EC0-301F-11D3-BF4B-00C04F79EFBC}") = "ASP DOTNET MVC TEST QUESTION 2", "MVC_TEST_MOHAMAD FIKRI HADI\ASP DOTNET MVC TEST QUESTION 2.csproj", "{5A053C95-86EE-4E42-AF6D-EB3CB5E69E64}"
EndProject
Project("{FAE04EC0-301F-11D3-BF4B-00C04F79EFBC}") = "SQL-TEST QUESTION 14", "Question2\SQL-TEST QUESTION 14.csproj", "{DB3A4EB1-568C-46F1-B794-F53687D0F39F}"
EndProject
Global
	GlobalSection(SolutionConfigurationPlatforms) = preSolution
		Debug|Any CPU = Debug|Any CPU
		Release|Any CPU = Release|Any CPU
	EndGlobalSection
	GlobalSection(ProjectConfigurationPlatforms) = postSolution
		{5A053C95-86EE-4E42-AF6D-EB3CB5E69E64}.Debug|Any CPU.ActiveCfg = Debug|Any CPU
		{5A053C95-86EE-4E42-AF6D-EB3CB5E69E64}.Debug|Any CPU.Build.0 = Debug|Any CPU
		{5A053C95-86EE-4E42-AF6D-EB3CB5E69E64}.Release|Any CPU.ActiveCfg = Release|Any CPU
		{5A053C95-86EE-4E42-AF6D-EB3CB5E69E64}.Release|Any CPU.Build.0 = Release|Any CPU
		{DB3A4EB1-568C-46F1-B794-F53687D0F39F}.Debug|Any CPU.ActiveCfg = Debug|Any CPU
		{DB3A4EB1-568C-46F1-B794-F53687D0F39F}.Debug|Any CPU.Build.0 = Debug|Any CPU
		{DB3A4EB1-568C-46F1-B794-F53687D0F39F}.Release|Any CPU.ActiveCfg = Release|Any CPU
		{DB3A4EB1-568C-46F1-B794-F53687D0F39F}.Release|Any CPU.Build.0 = Release|Any CPU
	EndGlobalSection
	GlobalSection(SolutionProperties) = preSolution
		HideSolutionNode = FALSE
	EndGlobalSection
	GlobalSection(ExtensibilityGlobals) = postSolution
		SolutionGuid = {DAC3E722-A9A0-43A5-A782-1E7905429A66}
	EndGlobalSection
EndGlobal
